<Solution>
  <Folder Name="/Solution Items/">
    <File Path="../.editorconfig" />
    <File Path="../Directory.Build.props" />
    <File Path="../Directory.Packages.props" />
    <File Path="../README.md" />
  </Folder>
  <Project Path="AspireEmptyStarter.AppHost/AspireEmptyStarter.AppHost.csproj" />
  <Project Path="AspireEmptyStarter.ServiceDefaults/AspireEmptyStarter.ServiceDefaults.csproj" />
</Solution>
